
Microsoft Visual Studio Solution File, Format Version 12.00
# Visual Studio 15
VisualStudioVersion = 15.0.27004.2006
MinimumVisualStudioVersion = 10.0.40219.1
Project("{FAE04EC0-301F-11D3-BF4B-00C04F79EFBC}") = "Study", "Study\Study.csproj", "{627CC7CC-946E-48CD-8EFD-D16201888C78}"
EndProject
Project("{FAE04EC0-301F-11D3-BF4B-00C04F79EFBC}") = "Study2", "Study2\Study2.csproj", "{AF9C0B96-334F-4784-B1E2-5CC4E231C395}"
EndProject
Project("{FAE04EC0-301F-11D3-BF4B-00C04F79EFBC}") = "Serves", "Serves\Serves.csproj", "{F5C60D80-572A-4A2E-8D6C-8E7C669ACD92}"
EndProject
Project("{FAE04EC0-301F-11D3-BF4B-00C04F79EFBC}") = "Study3", "Study3\Study3.csproj", "{DB0A34F0-D4E4-41DA-A262-56EEFD0DA0BD}"
EndProject
Project("{FAE04EC0-301F-11D3-BF4B-00C04F79EFBC}") = "Study-xml,json", "Study-xml,json\Study-xml,json.csproj", "{CBE469D9-B23B-46C0-8C28-633FB4238C7B}"
EndProject
Project("{FAE04EC0-301F-11D3-BF4B-00C04F79EFBC}") = "Lua", "Lua\Lua.csproj", "{C25917AB-6792-4070-9E4B-E8EE0F12FB3F}"
EndProject
Project("{FAE04EC0-301F-11D3-BF4B-00C04F79EFBC}") = "算法", "算法\算法.csproj", "{C55E0F63-F869-4BE0-AC87-ED0CF2F2805F}"
EndProject
Project("{FAE04EC0-301F-11D3-BF4B-00C04F79EFBC}") = "选择排序", "选择排序\选择排序.csproj", "{B9D5D99D-086B-4E50-89EB-336D9A2BFA9E}"
EndProject
Project("{FAE04EC0-301F-11D3-BF4B-00C04F79EFBC}") = "递归", "递归\递归.csproj", "{EEFBB8E8-C1A8-440D-AF74-F9A34D13F0D6}"
EndProject
Project("{FAE04EC0-301F-11D3-BF4B-00C04F79EFBC}") = "快速排序", "快速排序\快速排序.csproj", "{C7F54838-210D-42A1-9B81-C3209F9A33A8}"
EndProject
Project("{FAE04EC0-301F-11D3-BF4B-00C04F79EFBC}") = "广度优先搜索", "广度优先搜索\广度优先搜索.csproj", "{D04DEE5B-C351-43E0-A37E-A6B5FCF9BBAF}"
EndProject
Project("{FAE04EC0-301F-11D3-BF4B-00C04F79EFBC}") = "迪克斯特拉算法", "迪克斯特拉算法\迪克斯特拉算法.csproj", "{4AEB2E7F-36CE-4F1C-A2DC-E9EE19C939F7}"
EndProject
Project("{FAE04EC0-301F-11D3-BF4B-00C04F79EFBC}") = "动态规划", "动态规划\动态规划.csproj", "{D9140CAF-21B4-42FF-9EEF-9C29F4FBF42E}"
EndProject
Project("{FAE04EC0-301F-11D3-BF4B-00C04F79EFBC}") = "最大公约数", "最大公约数-辗转相除法\最大公约数.csproj", "{64F9372F-5E17-45F0-AC76-FCF0DFF485A9}"
EndProject
Project("{FAE04EC0-301F-11D3-BF4B-00C04F79EFBC}") = "桶排序法", "桶排序法\桶排序法.csproj", "{10B0C6EE-464B-44D3-BB54-C25C4FE24150}"
EndProject
Project("{FAE04EC0-301F-11D3-BF4B-00C04F79EFBC}") = "判断2的乘方", "判断2的乘方\判断2的乘方.csproj", "{2C357D9F-54BA-4784-846D-92C1B56D9601}"
EndProject
Project("{FAE04EC0-301F-11D3-BF4B-00C04F79EFBC}") = "合并排序", "合并排序\合并排序.csproj", "{5D88B8BC-1159-4A81-95FD-061BEBAD9612}"
EndProject
Project("{FAE04EC0-301F-11D3-BF4B-00C04F79EFBC}") = "A和B的问题", "A和B的问题\A和B的问题.csproj", "{77455FF9-CE19-407E-9970-392CF99F3B08}"
EndProject
Project("{FAE04EC0-301F-11D3-BF4B-00C04F79EFBC}") = "n阶乘尾部为0的个数", "n阶乘尾部为0的个数\n阶乘尾部为0的个数.csproj", "{EC0F9657-FE35-4B07-8793-030913D8E3C2}"
EndProject
Project("{FAE04EC0-301F-11D3-BF4B-00C04F79EFBC}") = "内置委托", "内置委托\内置委托.csproj", "{B47DDF25-3452-4D80-89EA-A05012538F74}"
EndProject
Project("{FAE04EC0-301F-11D3-BF4B-00C04F79EFBC}") = "列出n个数的全排列", "列出n个数的全排列\列出n个数的全排列.csproj", "{FC9687B9-9B92-416E-B707-32B214459A7A}"
EndProject
Project("{FAE04EC0-301F-11D3-BF4B-00C04F79EFBC}") = "Bellman-Ford", "Bellman-Ford\Bellman-Ford.csproj", "{3412B0B9-E57A-4D6E-A294-B2BE4048A1BD}"
EndProject
Project("{FAE04EC0-301F-11D3-BF4B-00C04F79EFBC}") = "八皇后-回溯算法", "八皇后-回溯算法\八皇后-回溯算法.csproj", "{E78F3FCD-AD9F-4E11-82A8-A132328C8D7A}"
EndProject
Project("{FAE04EC0-301F-11D3-BF4B-00C04F79EFBC}") = "开闭原则", "开闭原则\开闭原则.csproj", "{12CEA15B-12B4-42DF-BF8B-3560E86BB879}"
EndProject
Project("{FAE04EC0-301F-11D3-BF4B-00C04F79EFBC}") = "扔玻璃球问题", "扔玻璃球问题\扔玻璃球问题.csproj", "{340D514E-E0E6-444C-A021-FE7BD8785D9C}"
EndProject
Project("{FAE04EC0-301F-11D3-BF4B-00C04F79EFBC}") = "泛型的静态方法", "泛型的静态方法\泛型的静态方法.csproj", "{27FEAC89-F8A4-4BD5-82DF-4658C88DDC7E}"
EndProject
Project("{FAE04EC0-301F-11D3-BF4B-00C04F79EFBC}") = "快乐数", "快乐数\快乐数.csproj", "{C6123FAE-63B6-49EF-AB5A-A897484180E0}"
EndProject
Project("{FAE04EC0-301F-11D3-BF4B-00C04F79EFBC}") = "统计数字", "统计数字\统计数字.csproj", "{5EB3164F-9BA6-400C-BD62-04BB85D5ABFD}"
EndProject
Project("{FAE04EC0-301F-11D3-BF4B-00C04F79EFBC}") = "旋转字符串", "旋转字符串\旋转字符串.csproj", "{363575AE-CAF2-4BD7-9374-49B973262875}"
EndProject
Project("{FAE04EC0-301F-11D3-BF4B-00C04F79EFBC}") = "Fizz buzz", "Fizz buzz\Fizz buzz.csproj", "{B502E8D7-2DA7-4451-AC7F-76432659F91C}"
EndProject
Project("{FAE04EC0-301F-11D3-BF4B-00C04F79EFBC}") = "Base64Help", "Base64Help\Base64Help.csproj", "{2051C30A-E119-4984-BED9-CEC766A27060}"
EndProject
Project("{FAE04EC0-301F-11D3-BF4B-00C04F79EFBC}") = "Cmd Helper", "Cmd Helper\Cmd Helper.csproj", "{AFB96B23-F39D-4E50-9AD3-A092881CFC11}"
EndProject
Project("{FAE04EC0-301F-11D3-BF4B-00C04F79EFBC}") = "域名转IP", "域名转IP\域名转IP.csproj", "{C4FC5818-0EA3-4158-88A0-55189E470607}"
EndProject
Project("{FAE04EC0-301F-11D3-BF4B-00C04F79EFBC}") = "XMLLLL", "XMLLLL\XMLLLL.csproj", "{DC48830C-55F4-4384-B04B-E17BC9CD84AC}"
EndProject
Project("{FAE04EC0-301F-11D3-BF4B-00C04F79EFBC}") = "ActivatorA", "ActivatorA\ActivatorA.csproj", "{B9E49FE0-64DD-4982-A75B-5EB6193F2280}"
EndProject
Project("{FAE04EC0-301F-11D3-BF4B-00C04F79EFBC}") = "特性", "特性\特性.csproj", "{A57AF2D2-AA0D-4D8E-9664-0BB1C02E66D2}"
EndProject
Project("{FAE04EC0-301F-11D3-BF4B-00C04F79EFBC}") = "二叉排序树", "二叉排序树\二叉排序树.csproj", "{0073CA2E-451F-4381-846F-61986ABD0F1D}"
EndProject
Project("{FAE04EC0-301F-11D3-BF4B-00C04F79EFBC}") = "平衡二叉树AVL", "平衡二叉树AVL\平衡二叉树AVL.csproj", "{1F773A73-D058-49A3-A332-4F61DF5A3DCD}"
EndProject
Global
	GlobalSection(SolutionConfigurationPlatforms) = preSolution
		Debug|Any CPU = Debug|Any CPU
		Release|Any CPU = Release|Any CPU
	EndGlobalSection
	GlobalSection(ProjectConfigurationPlatforms) = postSolution
		{627CC7CC-946E-48CD-8EFD-D16201888C78}.Debug|Any CPU.ActiveCfg = Debug|Any CPU
		{627CC7CC-946E-48CD-8EFD-D16201888C78}.Debug|Any CPU.Build.0 = Debug|Any CPU
		{627CC7CC-946E-48CD-8EFD-D16201888C78}.Release|Any CPU.ActiveCfg = Release|Any CPU
		{627CC7CC-946E-48CD-8EFD-D16201888C78}.Release|Any CPU.Build.0 = Release|Any CPU
		{AF9C0B96-334F-4784-B1E2-5CC4E231C395}.Debug|Any CPU.ActiveCfg = Debug|Any CPU
		{AF9C0B96-334F-4784-B1E2-5CC4E231C395}.Debug|Any CPU.Build.0 = Debug|Any CPU
		{AF9C0B96-334F-4784-B1E2-5CC4E231C395}.Release|Any CPU.ActiveCfg = Release|Any CPU
		{AF9C0B96-334F-4784-B1E2-5CC4E231C395}.Release|Any CPU.Build.0 = Release|Any CPU
		{F5C60D80-572A-4A2E-8D6C-8E7C669ACD92}.Debug|Any CPU.ActiveCfg = Debug|Any CPU
		{F5C60D80-572A-4A2E-8D6C-8E7C669ACD92}.Debug|Any CPU.Build.0 = Debug|Any CPU
		{F5C60D80-572A-4A2E-8D6C-8E7C669ACD92}.Release|Any CPU.ActiveCfg = Release|Any CPU
		{F5C60D80-572A-4A2E-8D6C-8E7C669ACD92}.Release|Any CPU.Build.0 = Release|Any CPU
		{DB0A34F0-D4E4-41DA-A262-56EEFD0DA0BD}.Debug|Any CPU.ActiveCfg = Debug|Any CPU
		{DB0A34F0-D4E4-41DA-A262-56EEFD0DA0BD}.Debug|Any CPU.Build.0 = Debug|Any CPU
		{DB0A34F0-D4E4-41DA-A262-56EEFD0DA0BD}.Release|Any CPU.ActiveCfg = Release|Any CPU
		{DB0A34F0-D4E4-41DA-A262-56EEFD0DA0BD}.Release|Any CPU.Build.0 = Release|Any CPU
		{CBE469D9-B23B-46C0-8C28-633FB4238C7B}.Debug|Any CPU.ActiveCfg = Debug|Any CPU
		{CBE469D9-B23B-46C0-8C28-633FB4238C7B}.Debug|Any CPU.Build.0 = Debug|Any CPU
		{CBE469D9-B23B-46C0-8C28-633FB4238C7B}.Release|Any CPU.ActiveCfg = Release|Any CPU
		{CBE469D9-B23B-46C0-8C28-633FB4238C7B}.Release|Any CPU.Build.0 = Release|Any CPU
		{C25917AB-6792-4070-9E4B-E8EE0F12FB3F}.Debug|Any CPU.ActiveCfg = Debug|Any CPU
		{C25917AB-6792-4070-9E4B-E8EE0F12FB3F}.Debug|Any CPU.Build.0 = Debug|Any CPU
		{C25917AB-6792-4070-9E4B-E8EE0F12FB3F}.Release|Any CPU.ActiveCfg = Release|Any CPU
		{C25917AB-6792-4070-9E4B-E8EE0F12FB3F}.Release|Any CPU.Build.0 = Release|Any CPU
		{C55E0F63-F869-4BE0-AC87-ED0CF2F2805F}.Debug|Any CPU.ActiveCfg = Debug|Any CPU
		{C55E0F63-F869-4BE0-AC87-ED0CF2F2805F}.Debug|Any CPU.Build.0 = Debug|Any CPU
		{C55E0F63-F869-4BE0-AC87-ED0CF2F2805F}.Release|Any CPU.ActiveCfg = Release|Any CPU
		{C55E0F63-F869-4BE0-AC87-ED0CF2F2805F}.Release|Any CPU.Build.0 = Release|Any CPU
		{B9D5D99D-086B-4E50-89EB-336D9A2BFA9E}.Debug|Any CPU.ActiveCfg = Debug|Any CPU
		{B9D5D99D-086B-4E50-89EB-336D9A2BFA9E}.Debug|Any CPU.Build.0 = Debug|Any CPU
		{B9D5D99D-086B-4E50-89EB-336D9A2BFA9E}.Release|Any CPU.ActiveCfg = Release|Any CPU
		{B9D5D99D-086B-4E50-89EB-336D9A2BFA9E}.Release|Any CPU.Build.0 = Release|Any CPU
		{EEFBB8E8-C1A8-440D-AF74-F9A34D13F0D6}.Debug|Any CPU.ActiveCfg = Debug|Any CPU
		{EEFBB8E8-C1A8-440D-AF74-F9A34D13F0D6}.Debug|Any CPU.Build.0 = Debug|Any CPU
		{EEFBB8E8-C1A8-440D-AF74-F9A34D13F0D6}.Release|Any CPU.ActiveCfg = Release|Any CPU
		{EEFBB8E8-C1A8-440D-AF74-F9A34D13F0D6}.Release|Any CPU.Build.0 = Release|Any CPU
		{C7F54838-210D-42A1-9B81-C3209F9A33A8}.Debug|Any CPU.ActiveCfg = Debug|Any CPU
		{C7F54838-210D-42A1-9B81-C3209F9A33A8}.Debug|Any CPU.Build.0 = Debug|Any CPU
		{C7F54838-210D-42A1-9B81-C3209F9A33A8}.Release|Any CPU.ActiveCfg = Release|Any CPU
		{C7F54838-210D-42A1-9B81-C3209F9A33A8}.Release|Any CPU.Build.0 = Release|Any CPU
		{D04DEE5B-C351-43E0-A37E-A6B5FCF9BBAF}.Debug|Any CPU.ActiveCfg = Debug|Any CPU
		{D04DEE5B-C351-43E0-A37E-A6B5FCF9BBAF}.Debug|Any CPU.Build.0 = Debug|Any CPU
		{D04DEE5B-C351-43E0-A37E-A6B5FCF9BBAF}.Release|Any CPU.ActiveCfg = Release|Any CPU
		{D04DEE5B-C351-43E0-A37E-A6B5FCF9BBAF}.Release|Any CPU.Build.0 = Release|Any CPU
		{4AEB2E7F-36CE-4F1C-A2DC-E9EE19C939F7}.Debug|Any CPU.ActiveCfg = Debug|Any CPU
		{4AEB2E7F-36CE-4F1C-A2DC-E9EE19C939F7}.Debug|Any CPU.Build.0 = Debug|Any CPU
		{4AEB2E7F-36CE-4F1C-A2DC-E9EE19C939F7}.Release|Any CPU.ActiveCfg = Release|Any CPU
		{4AEB2E7F-36CE-4F1C-A2DC-E9EE19C939F7}.Release|Any CPU.Build.0 = Release|Any CPU
		{D9140CAF-21B4-42FF-9EEF-9C29F4FBF42E}.Debug|Any CPU.ActiveCfg = Debug|Any CPU
		{D9140CAF-21B4-42FF-9EEF-9C29F4FBF42E}.Debug|Any CPU.Build.0 = Debug|Any CPU
		{D9140CAF-21B4-42FF-9EEF-9C29F4FBF42E}.Release|Any CPU.ActiveCfg = Release|Any CPU
		{D9140CAF-21B4-42FF-9EEF-9C29F4FBF42E}.Release|Any CPU.Build.0 = Release|Any CPU
		{64F9372F-5E17-45F0-AC76-FCF0DFF485A9}.Debug|Any CPU.ActiveCfg = Debug|Any CPU
		{64F9372F-5E17-45F0-AC76-FCF0DFF485A9}.Debug|Any CPU.Build.0 = Debug|Any CPU
		{64F9372F-5E17-45F0-AC76-FCF0DFF485A9}.Release|Any CPU.ActiveCfg = Release|Any CPU
		{64F9372F-5E17-45F0-AC76-FCF0DFF485A9}.Release|Any CPU.Build.0 = Release|Any CPU
		{10B0C6EE-464B-44D3-BB54-C25C4FE24150}.Debug|Any CPU.ActiveCfg = Debug|Any CPU
		{10B0C6EE-464B-44D3-BB54-C25C4FE24150}.Debug|Any CPU.Build.0 = Debug|Any CPU
		{10B0C6EE-464B-44D3-BB54-C25C4FE24150}.Release|Any CPU.ActiveCfg = Release|Any CPU
		{10B0C6EE-464B-44D3-BB54-C25C4FE24150}.Release|Any CPU.Build.0 = Release|Any CPU
		{2C357D9F-54BA-4784-846D-92C1B56D9601}.Debug|Any CPU.ActiveCfg = Debug|Any CPU
		{2C357D9F-54BA-4784-846D-92C1B56D9601}.Debug|Any CPU.Build.0 = Debug|Any CPU
		{2C357D9F-54BA-4784-846D-92C1B56D9601}.Release|Any CPU.ActiveCfg = Release|Any CPU
		{2C357D9F-54BA-4784-846D-92C1B56D9601}.Release|Any CPU.Build.0 = Release|Any CPU
		{5D88B8BC-1159-4A81-95FD-061BEBAD9612}.Debug|Any CPU.ActiveCfg = Debug|Any CPU
		{5D88B8BC-1159-4A81-95FD-061BEBAD9612}.Debug|Any CPU.Build.0 = Debug|Any CPU
		{5D88B8BC-1159-4A81-95FD-061BEBAD9612}.Release|Any CPU.ActiveCfg = Release|Any CPU
		{5D88B8BC-1159-4A81-95FD-061BEBAD9612}.Release|Any CPU.Build.0 = Release|Any CPU
		{77455FF9-CE19-407E-9970-392CF99F3B08}.Debug|Any CPU.ActiveCfg = Debug|Any CPU
		{77455FF9-CE19-407E-9970-392CF99F3B08}.Debug|Any CPU.Build.0 = Debug|Any CPU
		{77455FF9-CE19-407E-9970-392CF99F3B08}.Release|Any CPU.ActiveCfg = Release|Any CPU
		{77455FF9-CE19-407E-9970-392CF99F3B08}.Release|Any CPU.Build.0 = Release|Any CPU
		{EC0F9657-FE35-4B07-8793-030913D8E3C2}.Debug|Any CPU.ActiveCfg = Debug|Any CPU
		{EC0F9657-FE35-4B07-8793-030913D8E3C2}.Debug|Any CPU.Build.0 = Debug|Any CPU
		{EC0F9657-FE35-4B07-8793-030913D8E3C2}.Release|Any CPU.ActiveCfg = Release|Any CPU
		{EC0F9657-FE35-4B07-8793-030913D8E3C2}.Release|Any CPU.Build.0 = Release|Any CPU
		{B47DDF25-3452-4D80-89EA-A05012538F74}.Debug|Any CPU.ActiveCfg = Debug|Any CPU
		{B47DDF25-3452-4D80-89EA-A05012538F74}.Debug|Any CPU.Build.0 = Debug|Any CPU
		{B47DDF25-3452-4D80-89EA-A05012538F74}.Release|Any CPU.ActiveCfg = Release|Any CPU
		{B47DDF25-3452-4D80-89EA-A05012538F74}.Release|Any CPU.Build.0 = Release|Any CPU
		{FC9687B9-9B92-416E-B707-32B214459A7A}.Debug|Any CPU.ActiveCfg = Debug|Any CPU
		{FC9687B9-9B92-416E-B707-32B214459A7A}.Debug|Any CPU.Build.0 = Debug|Any CPU
		{FC9687B9-9B92-416E-B707-32B214459A7A}.Release|Any CPU.ActiveCfg = Release|Any CPU
		{FC9687B9-9B92-416E-B707-32B214459A7A}.Release|Any CPU.Build.0 = Release|Any CPU
		{3412B0B9-E57A-4D6E-A294-B2BE4048A1BD}.Debug|Any CPU.ActiveCfg = Debug|Any CPU
		{3412B0B9-E57A-4D6E-A294-B2BE4048A1BD}.Debug|Any CPU.Build.0 = Debug|Any CPU
		{3412B0B9-E57A-4D6E-A294-B2BE4048A1BD}.Release|Any CPU.ActiveCfg = Release|Any CPU
		{3412B0B9-E57A-4D6E-A294-B2BE4048A1BD}.Release|Any CPU.Build.0 = Release|Any CPU
		{E78F3FCD-AD9F-4E11-82A8-A132328C8D7A}.Debug|Any CPU.ActiveCfg = Debug|Any CPU
		{E78F3FCD-AD9F-4E11-82A8-A132328C8D7A}.Debug|Any CPU.Build.0 = Debug|Any CPU
		{E78F3FCD-AD9F-4E11-82A8-A132328C8D7A}.Release|Any CPU.ActiveCfg = Release|Any CPU
		{E78F3FCD-AD9F-4E11-82A8-A132328C8D7A}.Release|Any CPU.Build.0 = Release|Any CPU
		{12CEA15B-12B4-42DF-BF8B-3560E86BB879}.Debug|Any CPU.ActiveCfg = Debug|Any CPU
		{12CEA15B-12B4-42DF-BF8B-3560E86BB879}.Debug|Any CPU.Build.0 = Debug|Any CPU
		{12CEA15B-12B4-42DF-BF8B-3560E86BB879}.Release|Any CPU.ActiveCfg = Release|Any CPU
		{12CEA15B-12B4-42DF-BF8B-3560E86BB879}.Release|Any CPU.Build.0 = Release|Any CPU
		{340D514E-E0E6-444C-A021-FE7BD8785D9C}.Debug|Any CPU.ActiveCfg = Debug|Any CPU
		{340D514E-E0E6-444C-A021-FE7BD8785D9C}.Debug|Any CPU.Build.0 = Debug|Any CPU
		{340D514E-E0E6-444C-A021-FE7BD8785D9C}.Release|Any CPU.ActiveCfg = Release|Any CPU
		{340D514E-E0E6-444C-A021-FE7BD8785D9C}.Release|Any CPU.Build.0 = Release|Any CPU
		{27FEAC89-F8A4-4BD5-82DF-4658C88DDC7E}.Debug|Any CPU.ActiveCfg = Debug|Any CPU
		{27FEAC89-F8A4-4BD5-82DF-4658C88DDC7E}.Debug|Any CPU.Build.0 = Debug|Any CPU
		{27FEAC89-F8A4-4BD5-82DF-4658C88DDC7E}.Release|Any CPU.ActiveCfg = Release|Any CPU
		{27FEAC89-F8A4-4BD5-82DF-4658C88DDC7E}.Release|Any CPU.Build.0 = Release|Any CPU
		{C6123FAE-63B6-49EF-AB5A-A897484180E0}.Debug|Any CPU.ActiveCfg = Debug|Any CPU
		{C6123FAE-63B6-49EF-AB5A-A897484180E0}.Debug|Any CPU.Build.0 = Debug|Any CPU
		{C6123FAE-63B6-49EF-AB5A-A897484180E0}.Release|Any CPU.ActiveCfg = Release|Any CPU
		{C6123FAE-63B6-49EF-AB5A-A897484180E0}.Release|Any CPU.Build.0 = Release|Any CPU
		{5EB3164F-9BA6-400C-BD62-04BB85D5ABFD}.Debug|Any CPU.ActiveCfg = Debug|Any CPU
		{5EB3164F-9BA6-400C-BD62-04BB85D5ABFD}.Debug|Any CPU.Build.0 = Debug|Any CPU
		{5EB3164F-9BA6-400C-BD62-04BB85D5ABFD}.Release|Any CPU.ActiveCfg = Release|Any CPU
		{5EB3164F-9BA6-400C-BD62-04BB85D5ABFD}.Release|Any CPU.Build.0 = Release|Any CPU
		{363575AE-CAF2-4BD7-9374-49B973262875}.Debug|Any CPU.ActiveCfg = Debug|Any CPU
		{363575AE-CAF2-4BD7-9374-49B973262875}.Debug|Any CPU.Build.0 = Debug|Any CPU
		{363575AE-CAF2-4BD7-9374-49B973262875}.Release|Any CPU.ActiveCfg = Release|Any CPU
		{363575AE-CAF2-4BD7-9374-49B973262875}.Release|Any CPU.Build.0 = Release|Any CPU
		{B502E8D7-2DA7-4451-AC7F-76432659F91C}.Debug|Any CPU.ActiveCfg = Debug|Any CPU
		{B502E8D7-2DA7-4451-AC7F-76432659F91C}.Debug|Any CPU.Build.0 = Debug|Any CPU
		{B502E8D7-2DA7-4451-AC7F-76432659F91C}.Release|Any CPU.ActiveCfg = Release|Any CPU
		{B502E8D7-2DA7-4451-AC7F-76432659F91C}.Release|Any CPU.Build.0 = Release|Any CPU
		{2051C30A-E119-4984-BED9-CEC766A27060}.Debug|Any CPU.ActiveCfg = Debug|Any CPU
		{2051C30A-E119-4984-BED9-CEC766A27060}.Debug|Any CPU.Build.0 = Debug|Any CPU
		{2051C30A-E119-4984-BED9-CEC766A27060}.Release|Any CPU.ActiveCfg = Release|Any CPU
		{2051C30A-E119-4984-BED9-CEC766A27060}.Release|Any CPU.Build.0 = Release|Any CPU
		{AFB96B23-F39D-4E50-9AD3-A092881CFC11}.Debug|Any CPU.ActiveCfg = Debug|Any CPU
		{AFB96B23-F39D-4E50-9AD3-A092881CFC11}.Debug|Any CPU.Build.0 = Debug|Any CPU
		{AFB96B23-F39D-4E50-9AD3-A092881CFC11}.Release|Any CPU.ActiveCfg = Release|Any CPU
		{AFB96B23-F39D-4E50-9AD3-A092881CFC11}.Release|Any CPU.Build.0 = Release|Any CPU
		{C4FC5818-0EA3-4158-88A0-55189E470607}.Debug|Any CPU.ActiveCfg = Debug|Any CPU
		{C4FC5818-0EA3-4158-88A0-55189E470607}.Debug|Any CPU.Build.0 = Debug|Any CPU
		{C4FC5818-0EA3-4158-88A0-55189E470607}.Release|Any CPU.ActiveCfg = Release|Any CPU
		{C4FC5818-0EA3-4158-88A0-55189E470607}.Release|Any CPU.Build.0 = Release|Any CPU
		{DC48830C-55F4-4384-B04B-E17BC9CD84AC}.Debug|Any CPU.ActiveCfg = Debug|Any CPU
		{DC48830C-55F4-4384-B04B-E17BC9CD84AC}.Debug|Any CPU.Build.0 = Debug|Any CPU
		{DC48830C-55F4-4384-B04B-E17BC9CD84AC}.Release|Any CPU.ActiveCfg = Release|Any CPU
		{DC48830C-55F4-4384-B04B-E17BC9CD84AC}.Release|Any CPU.Build.0 = Release|Any CPU
		{B9E49FE0-64DD-4982-A75B-5EB6193F2280}.Debug|Any CPU.ActiveCfg = Debug|Any CPU
		{B9E49FE0-64DD-4982-A75B-5EB6193F2280}.Debug|Any CPU.Build.0 = Debug|Any CPU
		{B9E49FE0-64DD-4982-A75B-5EB6193F2280}.Release|Any CPU.ActiveCfg = Release|Any CPU
		{B9E49FE0-64DD-4982-A75B-5EB6193F2280}.Release|Any CPU.Build.0 = Release|Any CPU
		{A57AF2D2-AA0D-4D8E-9664-0BB1C02E66D2}.Debug|Any CPU.ActiveCfg = Debug|Any CPU
		{A57AF2D2-AA0D-4D8E-9664-0BB1C02E66D2}.Debug|Any CPU.Build.0 = Debug|Any CPU
		{A57AF2D2-AA0D-4D8E-9664-0BB1C02E66D2}.Release|Any CPU.ActiveCfg = Release|Any CPU
		{A57AF2D2-AA0D-4D8E-9664-0BB1C02E66D2}.Release|Any CPU.Build.0 = Release|Any CPU
		{0073CA2E-451F-4381-846F-61986ABD0F1D}.Debug|Any CPU.ActiveCfg = Debug|Any CPU
		{0073CA2E-451F-4381-846F-61986ABD0F1D}.Debug|Any CPU.Build.0 = Debug|Any CPU
		{0073CA2E-451F-4381-846F-61986ABD0F1D}.Release|Any CPU.ActiveCfg = Release|Any CPU
		{0073CA2E-451F-4381-846F-61986ABD0F1D}.Release|Any CPU.Build.0 = Release|Any CPU
		{1F773A73-D058-49A3-A332-4F61DF5A3DCD}.Debug|Any CPU.ActiveCfg = Debug|Any CPU
		{1F773A73-D058-49A3-A332-4F61DF5A3DCD}.Debug|Any CPU.Build.0 = Debug|Any CPU
		{1F773A73-D058-49A3-A332-4F61DF5A3DCD}.Release|Any CPU.ActiveCfg = Release|Any CPU
		{1F773A73-D058-49A3-A332-4F61DF5A3DCD}.Release|Any CPU.Build.0 = Release|Any CPU
	EndGlobalSection
	GlobalSection(SolutionProperties) = preSolution
		HideSolutionNode = FALSE
	EndGlobalSection
	GlobalSection(ExtensibilityGlobals) = postSolution
		SolutionGuid = {3E20BE50-5292-402F-97F8-4B4E0089FAD1}
	EndGlobalSection
EndGlobal
